// !$*UTF8*$!
{
	archiveVersion = 1;
	classes = {
	};
	objectVersion = 56;
	objects = {

/* Begin PBXBuildFile section */
		E48AC0A928D8A7E300485C78 /* CellScreen.swift in Sources */ = {isa = PBXBuildFile; fileRef = E48AC0A828D8A7E300485C78 /* CellScreen.swift */; };
		E4BF77A928D34C38006E123A /* AppDelegate.swift in Sources */ = {isa = PBXBuildFile; fileRef = E4BF77A828D34C38006E123A /* AppDelegate.swift */; };
		E4BF77AD28D34C38006E123A /* ViewController.swift in Sources */ = {isa = PBXBuildFile; fileRef = E4BF77AC28D34C38006E123A /* ViewController.swift */; };
		E4BF77B228D34C3A006E123A /* Assets.xcassets in Resources */ = {isa = PBXBuildFile; fileRef = E4BF77B128D34C3A006E123A /* Assets.xcassets */; };
		E4BF77B528D34C3A006E123A /* LaunchScreen.storyboard in Resources */ = {isa = PBXBuildFile; fileRef = E4BF77B328D34C3A006E123A /* LaunchScreen.storyboard */; };
		E4BF77C228D3500D006E123A /* RickMortyModels.swift in Sources */ = {isa = PBXBuildFile; fileRef = E4BF77C128D3500D006E123A /* RickMortyModels.swift */; };
		E4BF77C528D35A86006E123A /* Request.swift in Sources */ = {isa = PBXBuildFile; fileRef = E4BF77C428D35A86006E123A /* Request.swift */; };
		E4BF77C728D35AAD006E123A /* NetworkManager.swift in Sources */ = {isa = PBXBuildFile; fileRef = E4BF77C628D35AAD006E123A /* NetworkManager.swift */; };
		E4BF77C928D36321006E123A /* CustomImageView.swift in Sources */ = {isa = PBXBuildFile; fileRef = E4BF77C828D36321006E123A /* CustomImageView.swift */; };
		E4BF77CB28D3793E006E123A /* CellViewController.swift in Sources */ = {isa = PBXBuildFile; fileRef = E4BF77CA28D3793E006E123A /* CellViewController.swift */; };
/* End PBXBuildFile section */

/* Begin PBXFileReference section */
		E48AC0A828D8A7E300485C78 /* CellScreen.swift */ = {isa = PBXFileReference; lastKnownFileType = sourcecode.swift; path = CellScreen.swift; sourceTree = "<group>"; };
		E4BF77A528D34C38006E123A /* Rick&Morty.app */ = {isa = PBXFileReference; explicitFileType = wrapper.application; includeInIndex = 0; path = "Rick&Morty.app"; sourceTree = BUILT_PRODUCTS_DIR; };
		E4BF77A828D34C38006E123A /* AppDelegate.swift */ = {isa = PBXFileReference; lastKnownFileType = sourcecode.swift; path = AppDelegate.swift; sourceTree = "<group>"; };
		E4BF77AC28D34C38006E123A /* ViewController.swift */ = {isa = PBXFileReference; lastKnownFileType = sourcecode.swift; path = ViewController.swift; sourceTree = "<group>"; };
		E4BF77B128D34C3A006E123A /* Assets.xcassets */ = {isa = PBXFileReference; lastKnownFileType = folder.assetcatalog; path = Assets.xcassets; sourceTree = "<group>"; };
		E4BF77B428D34C3A006E123A /* Base */ = {isa = PBXFileReference; lastKnownFileType = file.storyboard; name = Base; path = Base.lproj/LaunchScreen.storyboard; sourceTree = "<group>"; };
		E4BF77B628D34C3A006E123A /* Info.plist */ = {isa = PBXFileReference; lastKnownFileType = text.plist.xml; path = Info.plist; sourceTree = "<group>"; };
		E4BF77C128D3500D006E123A /* RickMortyModels.swift */ = {isa = PBXFileReference; lastKnownFileType = sourcecode.swift; path = RickMortyModels.swift; sourceTree = "<group>"; };
		E4BF77C428D35A86006E123A /* Request.swift */ = {isa = PBXFileReference; lastKnownFileType = sourcecode.swift; path = Request.swift; sourceTree = "<group>"; };
		E4BF77C628D35AAD006E123A /* NetworkManager.swift */ = {isa = PBXFileReference; lastKnownFileType = sourcecode.swift; path = NetworkManager.swift; sourceTree = "<group>"; };
		E4BF77C828D36321006E123A /* CustomImageView.swift */ = {isa = PBXFileReference; lastKnownFileType = sourcecode.swift; path = CustomImageView.swift; sourceTree = "<group>"; };
		E4BF77CA28D3793E006E123A /* CellViewController.swift */ = {isa = PBXFileReference; lastKnownFileType = sourcecode.swift; path = CellViewController.swift; sourceTree = "<group>"; };
/* End PBXFileReference section */

/* Begin PBXFrameworksBuildPhase section */
		E4BF77A228D34C38006E123A /* Frameworks */ = {
			isa = PBXFrameworksBuildPhase;
			buildActionMask = 2147483647;
			files = (
			);
			runOnlyForDeploymentPostprocessing = 0;
		};
/* End PBXFrameworksBuildPhase section */

/* Begin PBXGroup section */
		E4BF779C28D34C38006E123A = {
			isa = PBXGroup;
			children = (
				E4BF77A728D34C38006E123A /* Rick&Morty */,
				E4BF77A628D34C38006E123A /* Products */,
			);
			sourceTree = "<group>";
		};
		E4BF77A628D34C38006E123A /* Products */ = {
			isa = PBXGroup;
			children = (
				E4BF77A528D34C38006E123A /* Rick&Morty.app */,
			);
			name = Products;
			sourceTree = "<group>";
		};
		E4BF77A728D34C38006E123A /* Rick&Morty */ = {
			isa = PBXGroup;
			children = (
				E4BF77BC28D34F4E006E123A /* App */,
				E4BF77BD28D34F56006E123A /* Models */,
				E4BF77BE28D34F64006E123A /* ViewControllers */,
				E4BF77BF28D34F7A006E123A /* NetworkManagers */,
				E4BF77C028D34F96006E123A /* Resourses */,
			);
			path = "Rick&Morty";
			sourceTree = "<group>";
		};
		E4BF77BC28D34F4E006E123A /* App */ = {
			isa = PBXGroup;
			children = (
				E4BF77A828D34C38006E123A /* AppDelegate.swift */,
				E4BF77B328D34C3A006E123A /* LaunchScreen.storyboard */,
			);
			path = App;
			sourceTree = "<group>";
		};
		E4BF77BD28D34F56006E123A /* Models */ = {
			isa = PBXGroup;
			children = (
				E4BF77C128D3500D006E123A /* RickMortyModels.swift */,
			);
			path = Models;
			sourceTree = "<group>";
		};
		E4BF77BE28D34F64006E123A /* ViewControllers */ = {
			isa = PBXGroup;
			children = (
				E4BF77AC28D34C38006E123A /* ViewController.swift */,
				E4BF77CA28D3793E006E123A /* CellViewController.swift */,
				E48AC0A828D8A7E300485C78 /* CellScreen.swift */,
				E4BF77C828D36321006E123A /* CustomImageView.swift */,
			);
			path = ViewControllers;
			sourceTree = "<group>";
		};
		E4BF77BF28D34F7A006E123A /* NetworkManagers */ = {
			isa = PBXGroup;
			children = (
				E4BF77C428D35A86006E123A /* Request.swift */,
				E4BF77C628D35AAD006E123A /* NetworkManager.swift */,
			);
			path = NetworkManagers;
			sourceTree = "<group>";
		};
		E4BF77C028D34F96006E123A /* Resourses */ = {
			isa = PBXGroup;
			children = (
				E4BF77B128D34C3A006E123A /* Assets.xcassets */,
				E4BF77B628D34C3A006E123A /* Info.plist */,
			);
			path = Resourses;
			sourceTree = "<group>";
		};
/* End PBXGroup section */

/* Begin PBXNativeTarget section */
		E4BF77A428D34C38006E123A /* Rick&Morty */ = {
			isa = PBXNativeTarget;
			buildConfigurationList = E4BF77B928D34C3A006E123A /* Build configuration list for PBXNativeTarget "Rick&Morty" */;
			buildPhases = (
				E4BF77A128D34C38006E123A /* Sources */,
				E4BF77A228D34C38006E123A /* Frameworks */,
				E4BF77A328D34C38006E123A /* Resources */,
			);
			buildRules = (
			);
			dependencies = (
			);
			name = "Rick&Morty";
			productName = "Rick&Morty";
			productReference = E4BF77A528D34C38006E123A /* Rick&Morty.app */;
			productType = "com.apple.product-type.application";
		};
/* End PBXNativeTarget section */

/* Begin PBXProject section */
		E4BF779D28D34C38006E123A /* Project object */ = {
			isa = PBXProject;
			attributes = {
				BuildIndependentTargetsInParallel = 1;
				LastSwiftUpdateCheck = 1400;
				LastUpgradeCheck = 1400;
				TargetAttributes = {
					E4BF77A428D34C38006E123A = {
						CreatedOnToolsVersion = 14.0;
					};
				};
			};
			buildConfigurationList = E4BF77A028D34C38006E123A /* Build configuration list for PBXProject "Rick&Morty" */;
			compatibilityVersion = "Xcode 14.0";
			developmentRegion = en;
			hasScannedForEncodings = 0;
			knownRegions = (
				en,
				Base,
			);
			mainGroup = E4BF779C28D34C38006E123A;
			productRefGroup = E4BF77A628D34C38006E123A /* Products */;
			projectDirPath = "";
			projectRoot = "";
			targets = (
				E4BF77A428D34C38006E123A /* Rick&Morty */,
			);
		};
/* End PBXProject section */

/* Begin PBXResourcesBuildPhase section */
		E4BF77A328D34C38006E123A /* Resources */ = {
			isa = PBXResourcesBuildPhase;
			buildActionMask = 2147483647;
			files = (
				E4BF77B528D34C3A006E123A /* LaunchScreen.storyboard in Resources */,
				E4BF77B228D34C3A006E123A /* Assets.xcassets in Resources */,
			);
			runOnlyForDeploymentPostprocessing = 0;
		};
/* End PBXResourcesBuildPhase section */

/* Begin PBXSourcesBuildPhase section */
		E4BF77A128D34C38006E123A /* Sources */ = {
			isa = PBXSourcesBuildPhase;
			buildActionMask = 2147483647;
			files = (
				E4BF77CB28D3793E006E123A /* CellViewController.swift in Sources */,
				E4BF77AD28D34C38006E123A /* ViewController.swift in Sources */,
				E4BF77C928D36321006E123A /* CustomImageView.swift in Sources */,
				E48AC0A928D8A7E300485C78 /* CellScreen.swift in Sources */,
				E4BF77C528D35A86006E123A /* Request.swift in Sources */,
				E4BF77C728D35AAD006E123A /* NetworkManager.swift in Sources */,
				E4BF77A928D34C38006E123A /* AppDelegate.swift in Sources */,
				E4BF77C228D3500D006E123A /* RickMortyModels.swift in Sources */,
			);
			runOnlyForDeploymentPostprocessing = 0;
		};
/* End PBXSourcesBuildPhase section */

/* Begin PBXVariantGroup section */
		E4BF77B328D34C3A006E123A /* LaunchScreen.storyboard */ = {
			isa = PBXVariantGroup;
			children = (
				E4BF77B428D34C3A006E123A /* Base */,
			);
			name = LaunchScreen.storyboard;
			sourceTree = "<group>";
		};
/* End PBXVariantGroup section */

/* Begin XCBuildConfiguration section */
		E4BF77B728D34C3A006E123A /* Debug */ = {
			isa = XCBuildConfiguration;
			buildSettings = {
				ALWAYS_SEARCH_USER_PATHS = NO;
				CLANG_ANALYZER_NONNULL = YES;
				CLANG_ANALYZER_NUMBER_OBJECT_CONVERSION = YES_AGGRESSIVE;
				CLANG_CXX_LANGUAGE_STANDARD = "gnu++20";
				CLANG_ENABLE_MODULES = YES;
				CLANG_ENABLE_OBJC_ARC = YES;
				CLANG_ENABLE_OBJC_WEAK = YES;
				CLANG_WARN_BLOCK_CAPTURE_AUTORELEASING = YES;
				CLANG_WARN_BOOL_CONVERSION = YES;
				CLANG_WARN_COMMA = YES;
				CLANG_WARN_CONSTANT_CONVERSION = YES;
				CLANG_WARN_DEPRECATED_OBJC_IMPLEMENTATIONS = YES;
				CLANG_WARN_DIRECT_OBJC_ISA_USAGE = YES_ERROR;
				CLANG_WARN_DOCUMENTATION_COMMENTS = YES;
				CLANG_WARN_EMPTY_BODY = YES;
				CLANG_WARN_ENUM_CONVERSION = YES;
				CLANG_WARN_INFINITE_RECURSION = YES;
				CLANG_WARN_INT_CONVERSION = YES;
				CLANG_WARN_NON_LITERAL_NULL_CONVERSION = YES;
				CLANG_WARN_OBJC_IMPLICIT_RETAIN_SELF = YES;
				CLANG_WARN_OBJC_LITERAL_CONVERSION = YES;
				CLANG_WARN_OBJC_ROOT_CLASS = YES_ERROR;
				CLANG_WARN_QUOTED_INCLUDE_IN_FRAMEWORK_HEADER = YES;
				CLANG_WARN_RANGE_LOOP_ANALYSIS = YES;
				CLANG_WARN_STRICT_PROTOTYPES = YES;
				CLANG_WARN_SUSPICIOUS_MOVE = YES;
				CLANG_WARN_UNGUARDED_AVAILABILITY = YES_AGGRESSIVE;
				CLANG_WARN_UNREACHABLE_CODE = YES;
				CLANG_WARN__DUPLICATE_METHOD_MATCH = YES;
				COPY_PHASE_STRIP = NO;
				DEBUG_INFORMATION_FORMAT = dwarf;
				ENABLE_STRICT_OBJC_MSGSEND = YES;
				ENABLE_TESTABILITY = YES;
				GCC_C_LANGUAGE_STANDARD = gnu11;
				GCC_DYNAMIC_NO_PIC = NO;
				GCC_NO_COMMON_BLOCKS = YES;
				GCC_OPTIMIZATION_LEVEL = 0;
				GCC_PREPROCESSOR_DEFINITIONS = (
					"DEBUG=1",
					"$(inherited)",
				);
				GCC_WARN_64_TO_32_BIT_CONVERSION = YES;
				GCC_WARN_ABOUT_RETURN_TYPE = YES_ERROR;
				GCC_WARN_UNDECLARED_SELECTOR = YES;
				GCC_WARN_UNINITIALIZED_AUTOS = YES_AGGRESSIVE;
				GCC_WARN_UNUSED_FUNCTION = YES;
				GCC_WARN_UNUSED_VARIABLE = YES;
				IPHONEOS_DEPLOYMENT_TARGET = 16.0;
				MTL_ENABLE_DEBUG_INFO = INCLUDE_SOURCE;
				MTL_FAST_MATH = YES;
				ONLY_ACTIVE_ARCH = YES;
				SDKROOT = iphoneos;
				SWIFT_ACTIVE_COMPILATION_CONDITIONS = DEBUG;
				SWIFT_OPTIMIZATION_LEVEL = "-Onone";
			};
			name = Debug;
		};
		E4BF77B828D34C3A006E123A /* Release */ = {
			isa = XCBuildConfiguration;
			buildSettings = {
				ALWAYS_SEARCH_USER_PATHS = NO;
				CLANG_ANALYZER_NONNULL = YES;
				CLANG_ANALYZER_NUMBER_OBJECT_CONVERSION = YES_AGGRESSIVE;
				CLANG_CXX_LANGUAGE_STANDARD = "gnu++20";
				CLANG_ENABLE_MODULES = YES;
				CLANG_ENABLE_OBJC_ARC = YES;
				CLANG_ENABLE_OBJC_WEAK = YES;
				CLANG_WARN_BLOCK_CAPTURE_AUTORELEASING = YES;
				CLANG_WARN_BOOL_CONVERSION = YES;
				CLANG_WARN_COMMA = YES;
				CLANG_WARN_CONSTANT_CONVERSION = YES;
				CLANG_WARN_DEPRECATED_OBJC_IMPLEMENTATIONS = YES;
				CLANG_WARN_DIRECT_OBJC_ISA_USAGE = YES_ERROR;
				CLANG_WARN_DOCUMENTATION_COMMENTS = YES;
				CLANG_WARN_EMPTY_BODY = YES;
				CLANG_WARN_ENUM_CONVERSION = YES;
				CLANG_WARN_INFINITE_RECURSION = YES;
				CLANG_WARN_INT_CONVERSION = YES;
				CLANG_WARN_NON_LITERAL_NULL_CONVERSION = YES;
				CLANG_WARN_OBJC_IMPLICIT_RETAIN_SELF = YES;
				CLANG_WARN_OBJC_LITERAL_CONVERSION = YES;
				CLANG_WARN_OBJC_ROOT_CLASS = YES_ERROR;
				CLANG_WARN_QUOTED_INCLUDE_IN_FRAMEWORK_HEADER = YES;
				CLANG_WARN_RANGE_LOOP_ANALYSIS = YES;
				CLANG_WARN_STRICT_PROTOTYPES = YES;
				CLANG_WARN_SUSPICIOUS_MOVE = YES;
				CLANG_WARN_UNGUARDED_AVAILABILITY = YES_AGGRESSIVE;
				CLANG_WARN_UNREACHABLE_CODE = YES;
				CLANG_WARN__DUPLICATE_METHOD_MATCH = YES;
				COPY_PHASE_STRIP = NO;
				DEBUG_INFORMATION_FORMAT = "dwarf-with-dsym";
				ENABLE_NS_ASSERTIONS = NO;
				ENABLE_STRICT_OBJC_MSGSEND = YES;
				GCC_C_LANGUAGE_STANDARD = gnu11;
				GCC_NO_COMMON_BLOCKS = YES;
				GCC_WARN_64_TO_32_BIT_CONVERSION = YES;
				GCC_WARN_ABOUT_RETURN_TYPE = YES_ERROR;
				GCC_WARN_UNDECLARED_SELECTOR = YES;
				GCC_WARN_UNINITIALIZED_AUTOS = YES_AGGRESSIVE;
				GCC_WARN_UNUSED_FUNCTION = YES;
				GCC_WARN_UNUSED_VARIABLE = YES;
				IPHONEOS_DEPLOYMENT_TARGET = 16.0;
				MTL_ENABLE_DEBUG_INFO = NO;
				MTL_FAST_MATH = YES;
				SDKROOT = iphoneos;
				SWIFT_COMPILATION_MODE = wholemodule;
				SWIFT_OPTIMIZATION_LEVEL = "-O";
				VALIDATE_PRODUCT = YES;
			};
			name = Release;
		};
		E4BF77BA28D34C3A006E123A /* Debug */ = {
			isa = XCBuildConfiguration;
			buildSettings = {
				ASSETCATALOG_COMPILER_APPICON_NAME = AppIcon;
				ASSETCATALOG_COMPILER_GLOBAL_ACCENT_COLOR_NAME = AccentColor;
				CODE_SIGN_STYLE = Automatic;
				CURRENT_PROJECT_VERSION = 1;
				GENERATE_INFOPLIST_FILE = YES;
				INFOPLIST_FILE = "Rick&Morty/Resourses/Info.plist";
				INFOPLIST_KEY_UIApplicationSupportsIndirectInputEvents = YES;
				INFOPLIST_KEY_UILaunchStoryboardName = LaunchScreen;
				INFOPLIST_KEY_UIMainStoryboardFile = "";
				INFOPLIST_KEY_UISupportedInterfaceOrientations_iPad = "UIInterfaceOrientationPortrait UIInterfaceOrientationPortraitUpsideDown UIInterfaceOrientationLandscapeLeft UIInterfaceOrientationLandscapeRight";
				INFOPLIST_KEY_UISupportedInterfaceOrientations_iPhone = "UIInterfaceOrientationPortrait UIInterfaceOrientationLandscapeLeft UIInterfaceOrientationLandscapeRight";
				LD_RUNPATH_SEARCH_PATHS = (
					"$(inherited)",
					"@executable_path/Frameworks",
				);
				MARKETING_VERSION = 1.0;
				PRODUCT_BUNDLE_IDENTIFIER = "-.Rick-Morty";
				PRODUCT_NAME = "$(TARGET_NAME)";
				SWIFT_EMIT_LOC_STRINGS = YES;
				SWIFT_VERSION = 5.0;
				TARGETED_DEVICE_FAMILY = "1,2";
			};
			name = Debug;
		};
		E4BF77BB28D34C3A006E123A /* Release */ = {
			isa = XCBuildConfiguration;
			buildSettings = {
				ASSETCATALOG_COMPILER_APPICON_NAME = AppIcon;
				ASSETCATALOG_COMPILER_GLOBAL_ACCENT_COLOR_NAME = AccentColor;
				CODE_SIGN_STYLE = Automatic;
				CURRENT_PROJECT_VERSION = 1;
				GENERATE_INFOPLIST_FILE = YES;
				INFOPLIST_FILE = "Rick&Morty/Resourses/Info.plist";
				INFOPLIST_KEY_UIApplicationSupportsIndirectInputEvents = YES;
				INFOPLIST_KEY_UILaunchStoryboardName = LaunchScreen;
				INFOPLIST_KEY_UIMainStoryboardFile = "";
				INFOPLIST_KEY_UISupportedInterfaceOrientations_iPad = "UIInterfaceOrientationPortrait UIInterfaceOrientationPortraitUpsideDown UIInterfaceOrientationLandscapeLeft UIInterfaceOrientationLandscapeRight";
				INFOPLIST_KEY_UISupportedInterfaceOrientations_iPhone = "UIInterfaceOrientationPortrait UIInterfaceOrientationLandscapeLeft UIInterfaceOrientationLandscapeRight";
				LD_RUNPATH_SEARCH_PATHS = (
					"$(inherited)",
					"@executable_path/Frameworks",
				);
				MARKETING_VERSION = 1.0;
				PRODUCT_BUNDLE_IDENTIFIER = "-.Rick-Morty";
				PRODUCT_NAME = "$(TARGET_NAME)";
				SWIFT_EMIT_LOC_STRINGS = YES;
				SWIFT_VERSION = 5.0;
				TARGETED_DEVICE_FAMILY = "1,2";
			};
			name = Release;
		};
/* End XCBuildConfiguration section */

/* Begin XCConfigurationList section */
		E4BF77A028D34C38006E123A /* Build configuration list for PBXProject "Rick&Morty" */ = {
			isa = XCConfigurationList;
			buildConfigurations = (
				E4BF77B728D34C3A006E123A /* Debug */,
				E4BF77B828D34C3A006E123A /* Release */,
			);
			defaultConfigurationIsVisible = 0;
			defaultConfigurationName = Release;
		};
		E4BF77B928D34C3A006E123A /* Build configuration list for PBXNativeTarget "Rick&Morty" */ = {
			isa = XCConfigurationList;
			buildConfigurations = (
				E4BF77BA28D34C3A006E123A /* Debug */,
				E4BF77BB28D34C3A006E123A /* Release */,
			);
			defaultConfigurationIsVisible = 0;
			defaultConfigurationName = Release;
		};
/* End XCConfigurationList section */
	};
	rootObject = E4BF779D28D34C38006E123A /* Project object */;
}
